
Microsoft Visual Studio Solution File, Format Version 12.00
# Visual Studio Version 16
VisualStudioVersion = 16.0.30711.63
MinimumVisualStudioVersion = 10.0.40219.1
Project("{FAE04EC0-301F-11D3-BF4B-00C04F79EFBC}") = "Veinte_Numeros", "Veinte_Numeros\Veinte_Numeros.csproj", "{DC08BC73-3DDB-4B39-85E7-3259A2E4106A}"
EndProject
Global
	GlobalSection(SolutionConfigurationPlatforms) = preSolution
		Debug|Any CPU = Debug|Any CPU
		Release|Any CPU = Release|Any CPU
	EndGlobalSection
	GlobalSection(ProjectConfigurationPlatforms) = postSolution
		{DC08BC73-3DDB-4B39-85E7-3259A2E4106A}.Debug|Any CPU.ActiveCfg = Debug|Any CPU
		{DC08BC73-3DDB-4B39-85E7-3259A2E4106A}.Debug|Any CPU.Build.0 = Debug|Any CPU
		{DC08BC73-3DDB-4B39-85E7-3259A2E4106A}.Release|Any CPU.ActiveCfg = Release|Any CPU
		{DC08BC73-3DDB-4B39-85E7-3259A2E4106A}.Release|Any CPU.Build.0 = Release|Any CPU
	EndGlobalSection
	GlobalSection(SolutionProperties) = preSolution
		HideSolutionNode = FALSE
	EndGlobalSection
	GlobalSection(ExtensibilityGlobals) = postSolution
		SolutionGuid = {3B6B3260-4734-4974-A781-C9F0E8A3E1A5}
	EndGlobalSection
EndGlobal
